<?xml version="1.0" encoding="utf-8"?>
<Project ToolsVersion="4.0" xmlns="http://schemas.microsoft.com/developer/msbuild/2003">
  <ItemGroup>
    <ClCompile Include="..\Classes\AppDelegate.cpp" />
    <ClCompile Include="..\Classes\Global.cpp" />
    <ClCompile Include="..\Classes\MainGameScene.cpp" />
    <ClCompile Include="..\Classes\HUDLayer.cpp" />
    <ClCompile Include="..\Classes\StoryScene.cpp" />
    <ClCompile Include="main.cpp" />
    <ClCompile Include="..\Classes\Background.cpp">
      <Filter>background</Filter>
    </ClCompile>
    <ClCompile Include="..\Classes\BackgroundLayer.cpp">
      <Filter>background</Filter>
    </ClCompile>
    <ClCompile Include="..\Classes\BackgroundTemplate.cpp">
      <Filter>background</Filter>
    </ClCompile>
    <ClCompile Include="..\Classes\BrigdeLayer.cpp">
      <Filter>background</Filter>
    </ClCompile>
    <ClCompile Include="..\Classes\HouseLayer.cpp">
      <Filter>background</Filter>
    </ClCompile>
    <ClCompile Include="..\Classes\RockLayer.cpp">
      <Filter>background</Filter>
    </ClCompile>
    <ClCompile Include="..\Classes\WallLayer.cpp">
      <Filter>background</Filter>
    </ClCompile>
    <ClCompile Include="..\Classes\MainMenuScene.cpp">
      <Filter>main menu</Filter>
    </ClCompile>
    <ClCompile Include="..\Classes\SoundManager.cpp">
      <Filter>sound</Filter>
    </ClCompile>
    <ClCompile Include="..\Classes\Player.cpp">
      <Filter>player</Filter>
    </ClCompile>
    <ClCompile Include="..\Classes\MyBodyParser.cpp">
      <Filter>player</Filter>
    </ClCompile>
    <ClCompile Include="..\Classes\Skill.cpp">
      <Filter>player</Filter>
    </ClCompile>
    <ClCompile Include="..\Classes\Enemy.cpp">
      <Filter>enemy</Filter>
    </ClCompile>
    <ClCompile Include="..\Classes\EnemySpawn.cpp">
      <Filter>enemy</Filter>
    </ClCompile>
  </ItemGroup>
  <ItemGroup>
    <ClInclude Include="..\Classes\AppDelegate.h" />
    <ClInclude Include="..\Classes\Global.h" />
    <ClInclude Include="..\Classes\MainGameScene.h" />
    <ClInclude Include="..\Classes\HUDLayer.h" />
    <ClInclude Include="..\Classes\StoryScene.h" />
    <ClInclude Include="main.h" />
    <ClInclude Include="..\Classes\Background.h">
      <Filter>background</Filter>
    </ClInclude>
    <ClInclude Include="..\Classes\BackgroundLayer.h">
      <Filter>background</Filter>
    </ClInclude>
    <ClInclude Include="..\Classes\BackgroundTemplate.h">
      <Filter>background</Filter>
    </ClInclude>
    <ClInclude Include="..\Classes\BrigdeLayer.h">
      <Filter>background</Filter>
    </ClInclude>
    <ClInclude Include="..\Classes\HouseLayer.h">
      <Filter>background</Filter>
    </ClInclude>
    <ClInclude Include="..\Classes\RockLayer.h">
      <Filter>background</Filter>
    </ClInclude>
    <ClInclude Include="..\Classes\WallLayer.h">
      <Filter>background</Filter>
    </ClInclude>
    <ClInclude Include="..\Classes\MainMenuScene.h">
      <Filter>main menu</Filter>
    </ClInclude>
    <ClInclude Include="..\Classes\SoundManager.h">
      <Filter>sound</Filter>
    </ClInclude>
    <ClInclude Include="..\Classes\Player.h">
      <Filter>player</Filter>
    </ClInclude>
    <ClInclude Include="..\Classes\MyBodyParser.h">
      <Filter>player</Filter>
    </ClInclude>
    <ClInclude Include="..\Classes\Skill.h">
      <Filter>player</Filter>
    </ClInclude>
    <ClInclude Include="..\Classes\Enemy.h">
      <Filter>enemy</Filter>
    </ClInclude>
    <ClInclude Include="..\Classes\EnemySpawn.h">
      <Filter>enemy</Filter>
    </ClInclude>
  </ItemGroup>
  <ItemGroup>
    <ResourceCompile Include="game.rc" />
  </ItemGroup>
  <ItemGroup>
    <Filter Include="background">
      <UniqueIdentifier>{55053cba-6ed9-4b82-9428-358ca25c2aea}</UniqueIdentifier>
    </Filter>
    <Filter Include="main menu">
      <UniqueIdentifier>{c3e83ae6-1589-49f6-9716-c3f68499b16e}</UniqueIdentifier>
    </Filter>
    <Filter Include="sound">
      <UniqueIdentifier>{46420e44-7ae6-4351-83f0-60fcd293584f}</UniqueIdentifier>
    </Filter>
    <Filter Include="player">
      <UniqueIdentifier>{9c9f8ce6-8e7b-457d-8e9d-b8bfc6006517}</UniqueIdentifier>
    </Filter>
    <Filter Include="enemy">
      <UniqueIdentifier>{e9a8a43c-f15b-49c5-803c-179d06078ce5}</UniqueIdentifier>
    </Filter>
  </ItemGroup>
</Project>